{
  "nodes": {
    "nixpkgs": {
      "locked": {
        "lastModified": 1697777081,
        "narHash": "sha256-n2vQARhKevRGyeo+LAa8g+CdUQsdH/caNk8jnylcPhY=",
        "path": "/nix/store/jxqmbf290yk88cil7h6yp9hvkxx38ddb-source",
        "rev": "679cadfdfed2b90311a247b2d6ef6dfd3d6cab73",
        "type": "path"
      },
      "original": {
        "id": "nixpkgs",
        "type": "indirect"
      }
    },
    "root": {
      "inputs": {
        "nixpkgs": "nixpkgs"
      }
    }
  },
  "root": "root",
  "version": 7
}
